
Microsoft Visual Studio Solution File, Format Version 12.00
# Visual Studio Version 16
VisualStudioVersion = 16.0.29519.181
MinimumVisualStudioVersion = 10.0.40219.1
Project("{FAE04EC0-301F-11D3-BF4B-00C04F79EFBC}") = "OdeToFood", "OdeToFood\OdeToFood.csproj", "{B1EAF477-787C-448E-AEF6-CE67B9357B7E}"
EndProject
Global
	GlobalSection(SolutionConfigurationPlatforms) = preSolution
		Debug|Any CPU = Debug|Any CPU
		Release|Any CPU = Release|Any CPU
	EndGlobalSection
	GlobalSection(ProjectConfigurationPlatforms) = postSolution
		{B1EAF477-787C-448E-AEF6-CE67B9357B7E}.Debug|Any CPU.ActiveCfg = Debug|Any CPU
		{B1EAF477-787C-448E-AEF6-CE67B9357B7E}.Debug|Any CPU.Build.0 = Debug|Any CPU
		{B1EAF477-787C-448E-AEF6-CE67B9357B7E}.Release|Any CPU.ActiveCfg = Release|Any CPU
		{B1EAF477-787C-448E-AEF6-CE67B9357B7E}.Release|Any CPU.Build.0 = Release|Any CPU
	EndGlobalSection
	GlobalSection(SolutionProperties) = preSolution
		HideSolutionNode = FALSE
	EndGlobalSection
	GlobalSection(ExtensibilityGlobals) = postSolution
		SolutionGuid = {F8C12F0D-2B11-438B-9E65-B6D01BDDBDDC}
	EndGlobalSection
EndGlobal
